
Microsoft Visual Studio Solution File, Format Version 12.00
# Visual Studio Version 16
VisualStudioVersion = 16.0.30225.117
MinimumVisualStudioVersion = 10.0.40219.1
Project("{FAE04EC0-301F-11D3-BF4B-00C04F79EFBC}") = "PriorityQueue", "PriorityQueue\PriorityQueue.csproj", "{F23D10E6-C9E8-4338-86FB-6A8E311E966F}"
EndProject
Global
	GlobalSection(SolutionConfigurationPlatforms) = preSolution
		Debug|Any CPU = Debug|Any CPU
		Release|Any CPU = Release|Any CPU
	EndGlobalSection
	GlobalSection(ProjectConfigurationPlatforms) = postSolution
		{F23D10E6-C9E8-4338-86FB-6A8E311E966F}.Debug|Any CPU.ActiveCfg = Debug|Any CPU
		{F23D10E6-C9E8-4338-86FB-6A8E311E966F}.Debug|Any CPU.Build.0 = Debug|Any CPU
		{F23D10E6-C9E8-4338-86FB-6A8E311E966F}.Release|Any CPU.ActiveCfg = Release|Any CPU
		{F23D10E6-C9E8-4338-86FB-6A8E311E966F}.Release|Any CPU.Build.0 = Release|Any CPU
	EndGlobalSection
	GlobalSection(SolutionProperties) = preSolution
		HideSolutionNode = FALSE
	EndGlobalSection
	GlobalSection(ExtensibilityGlobals) = postSolution
		SolutionGuid = {31E494DD-B685-4AB6-985F-4544BA54493B}
	EndGlobalSection
EndGlobal
